{
  "originHash" : "12a7126ec35c6482594548601becc91e0fe6fcf3cca571ecd35341150b31164d",
  "pins" : [
    {
      "identity" : "cloudxr-framework",
      "kind" : "remoteSourceControl",
      "location" : "https://github.com/NVIDIA/cloudxr-framework",
      "state" : {
        "revision" : "de30e50050ba1c8360e0df84663ed14c406ade2f",
        "version" : "1.0.0"
      }
    }
  ],
  "version" : 3
}
